
Microsoft Visual Studio Solution File, Format Version 12.00
# Visual Studio 15
VisualStudioVersion = 15.0.28010.2048
MinimumVisualStudioVersion = 10.0.40219.1
Project("{9A19103F-16F7-4668-BE54-9A1E7A4F7556}") = "Save.The.World.RestClient", "Save.The.World.RestClient\Save.The.World.RestClient.csproj", "{D9202772-89DC-4293-BDF8-C7F6769C3C1D}"
EndProject
Global
	GlobalSection(SolutionConfigurationPlatforms) = preSolution
		Debug|Any CPU = Debug|Any CPU
		Release|Any CPU = Release|Any CPU
	EndGlobalSection
	GlobalSection(ProjectConfigurationPlatforms) = postSolution
		{D9202772-89DC-4293-BDF8-C7F6769C3C1D}.Debug|Any CPU.ActiveCfg = Debug|Any CPU
		{D9202772-89DC-4293-BDF8-C7F6769C3C1D}.Debug|Any CPU.Build.0 = Debug|Any CPU
		{D9202772-89DC-4293-BDF8-C7F6769C3C1D}.Release|Any CPU.ActiveCfg = Release|Any CPU
		{D9202772-89DC-4293-BDF8-C7F6769C3C1D}.Release|Any CPU.Build.0 = Release|Any CPU
	EndGlobalSection
	GlobalSection(SolutionProperties) = preSolution
		HideSolutionNode = FALSE
	EndGlobalSection
	GlobalSection(ExtensibilityGlobals) = postSolution
		SolutionGuid = {16BE80FC-DADE-4DB8-8649-B9B69D0A480A}
	EndGlobalSection
EndGlobal
